
Microsoft Visual Studio Solution File, Format Version 12.00
# Visual Studio 15
VisualStudioVersion = 15.0.28307.421
MinimumVisualStudioVersion = 10.0.40219.1
Project("{FAE04EC0-301F-11D3-BF4B-00C04F79EFBC}") = "CAB201_FLYING_POSTMAN", "CAB201_FLYING_POSTMAN.csproj", "{054B6FE1-E810-49C3-AB25-6163D728F956}"
EndProject
Global
	GlobalSection(SolutionConfigurationPlatforms) = preSolution
		Debug|Any CPU = Debug|Any CPU
		Release|Any CPU = Release|Any CPU
	EndGlobalSection
	GlobalSection(ProjectConfigurationPlatforms) = postSolution
		{054B6FE1-E810-49C3-AB25-6163D728F956}.Debug|Any CPU.ActiveCfg = Debug|Any CPU
		{054B6FE1-E810-49C3-AB25-6163D728F956}.Debug|Any CPU.Build.0 = Debug|Any CPU
		{054B6FE1-E810-49C3-AB25-6163D728F956}.Release|Any CPU.ActiveCfg = Release|Any CPU
		{054B6FE1-E810-49C3-AB25-6163D728F956}.Release|Any CPU.Build.0 = Release|Any CPU
	EndGlobalSection
	GlobalSection(SolutionProperties) = preSolution
		HideSolutionNode = FALSE
	EndGlobalSection
	GlobalSection(ExtensibilityGlobals) = postSolution
		SolutionGuid = {165D5577-29A3-436C-A1B3-BF38833BA17F}
	EndGlobalSection
EndGlobal
